
Microsoft Visual Studio Solution File, Format Version 12.00
# Visual Studio Version 17
VisualStudioVersion = 17.8.34330.188
MinimumVisualStudioVersion = 10.0.40219.1
Project("{8BC9CEB8-8B4A-11D0-8D11-00A0C91BC942}") = "UDPServerGeneral", "UDPServerGeneral.vcxproj", "{508F720E-69BD-4661-BB51-59A8D1870983}"
EndProject
Global
	GlobalSection(SolutionConfigurationPlatforms) = preSolution
		Debug|x64 = Debug|x64
		Debug|x86 = Debug|x86
		Release|x64 = Release|x64
		Release|x86 = Release|x86
	EndGlobalSection
	GlobalSection(ProjectConfigurationPlatforms) = postSolution
		{508F720E-69BD-4661-BB51-59A8D1870983}.Debug|x64.ActiveCfg = Debug|x64
		{508F720E-69BD-4661-BB51-59A8D1870983}.Debug|x64.Build.0 = Debug|x64
		{508F720E-69BD-4661-BB51-59A8D1870983}.Debug|x86.ActiveCfg = Debug|Win32
		{508F720E-69BD-4661-BB51-59A8D1870983}.Debug|x86.Build.0 = Debug|Win32
		{508F720E-69BD-4661-BB51-59A8D1870983}.Release|x64.ActiveCfg = Release|x64
		{508F720E-69BD-4661-BB51-59A8D1870983}.Release|x64.Build.0 = Release|x64
		{508F720E-69BD-4661-BB51-59A8D1870983}.Release|x86.ActiveCfg = Release|Win32
		{508F720E-69BD-4661-BB51-59A8D1870983}.Release|x86.Build.0 = Release|Win32
	EndGlobalSection
	GlobalSection(SolutionProperties) = preSolution
		HideSolutionNode = FALSE
	EndGlobalSection
	GlobalSection(ExtensibilityGlobals) = postSolution
		SolutionGuid = {67111F03-0426-4CD5-8BD0-DD7B4AFF1188}
	EndGlobalSection
EndGlobal
